
Microsoft Visual Studio Solution File, Format Version 12.00
# Visual Studio Version 16
VisualStudioVersion = 16.0.33529.622
MinimumVisualStudioVersion = 10.0.40219.1
Project("{FAE04EC0-301F-11D3-BF4B-00C04F79EFBC}") = "WebAPIAgendAI", "WebAPIAgendAI\WebAPIAgendAI.csproj", "{853194CF-49F0-4E74-83B6-F8B9B2872979}"
EndProject
Global
	GlobalSection(SolutionConfigurationPlatforms) = preSolution
		Debug|Any CPU = Debug|Any CPU
		Release|Any CPU = Release|Any CPU
	EndGlobalSection
	GlobalSection(ProjectConfigurationPlatforms) = postSolution
		{853194CF-49F0-4E74-83B6-F8B9B2872979}.Debug|Any CPU.ActiveCfg = Debug|Any CPU
		{853194CF-49F0-4E74-83B6-F8B9B2872979}.Debug|Any CPU.Build.0 = Debug|Any CPU
		{853194CF-49F0-4E74-83B6-F8B9B2872979}.Release|Any CPU.ActiveCfg = Release|Any CPU
		{853194CF-49F0-4E74-83B6-F8B9B2872979}.Release|Any CPU.Build.0 = Release|Any CPU
	EndGlobalSection
	GlobalSection(SolutionProperties) = preSolution
		HideSolutionNode = FALSE
	EndGlobalSection
	GlobalSection(ExtensibilityGlobals) = postSolution
		SolutionGuid = {2F9409BC-614D-4074-9A1E-97593CC553F5}
	EndGlobalSection
EndGlobal
